
Microsoft Visual Studio Solution File, Format Version 12.00
# Visual Studio Version 17
VisualStudioVersion = 17.9.34714.143
MinimumVisualStudioVersion = 10.0.40219.1
Project("{FAE04EC0-301F-11D3-BF4B-00C04F79EFBC}") = "CRUDAPI-DOTNET8", "CRUDAPI-DOTNET8\CRUDAPI-DOTNET8.csproj", "{48430A17-BE5A-44F1-9E20-9F35E720493A}"
EndProject
Global
	GlobalSection(SolutionConfigurationPlatforms) = preSolution
		Debug|Any CPU = Debug|Any CPU
		Release|Any CPU = Release|Any CPU
	EndGlobalSection
	GlobalSection(ProjectConfigurationPlatforms) = postSolution
		{48430A17-BE5A-44F1-9E20-9F35E720493A}.Debug|Any CPU.ActiveCfg = Debug|Any CPU
		{48430A17-BE5A-44F1-9E20-9F35E720493A}.Debug|Any CPU.Build.0 = Debug|Any CPU
		{48430A17-BE5A-44F1-9E20-9F35E720493A}.Release|Any CPU.ActiveCfg = Release|Any CPU
		{48430A17-BE5A-44F1-9E20-9F35E720493A}.Release|Any CPU.Build.0 = Release|Any CPU
	EndGlobalSection
	GlobalSection(SolutionProperties) = preSolution
		HideSolutionNode = FALSE
	EndGlobalSection
	GlobalSection(ExtensibilityGlobals) = postSolution
		SolutionGuid = {FA5F4590-A814-4721-B193-85F537BB6A4A}
	EndGlobalSection
EndGlobal
